Microsoft Visual Studio Solution File, Format Version 12.00
# Visual Studio 14
VisualStudioVersion = 14.0.24720.0
MinimumVisualStudioVersion = 10.0.40219.1
Project("{FAE04EC0-301F-11D3-BF4B-00C04F79EFBC}") = "newtelligence.DasBlog.Web", "newtelligence.DasBlog.Web\newtelligence.DasBlog.Web.csproj", "{F33CF374-8610-434F-B4FB-915AE7CD17DA}"
EndProject
Project("{FAE04EC0-301F-11D3-BF4B-00C04F79EFBC}") = "newtelligence.DasBlog.Runtime", "newtelligence.DasBlog.Runtime\newtelligence.DasBlog.Runtime.csproj", "{2B6D1F60-C5D8-4CB9-89D6-A4AF42275852}"
EndProject
Project("{FAE04EC0-301F-11D3-BF4B-00C04F79EFBC}") = "Lesnikowski.Pawel.Mail.Pop3", "Lesnikowski.Pawel.Mail.Pop3\Lesnikowski.Pawel.Mail.Pop3.csproj", "{0FED5636-EE32-402E-A6C6-F238916F6DD3}"
EndProject
Project("{FAE04EC0-301F-11D3-BF4B-00C04F79EFBC}") = "newtelligence.DasBlog.Web.Core", "newtelligence.DasBlog.Web.Core\newtelligence.DasBlog.Web.Core.csproj", "{38B69883-A9FB-498E-9CC7-95AB89DD7DC4}"
EndProject
Project("{FAE04EC0-301F-11D3-BF4B-00C04F79EFBC}") = "newtelligence.DasBlog.Web.Services", "newtelligence.DasBlog.Web.Services\newtelligence.DasBlog.Web.Services.csproj", "{7A9A0C81-84AE-4C6F-9489-528B5B97F426}"
EndProject
Project("{FAE04EC0-301F-11D3-BF4B-00C04F79EFBC}") = "newtelligence.DasBlog.Util", "newtelligence.DasBlog.Util\newtelligence.DasBlog.Util.csproj", "{15C1672E-92A2-4FAF-977A-D7EBC008EC42}"
EndProject
Project("{FAE04EC0-301F-11D3-BF4B-00C04F79EFBC}") = "newtelligence.DasBlog.Runtime.Proxies", "newtelligence.DasBlog.Runtime.Proxies\newtelligence.DasBlog.Runtime.Proxies.csproj", "{9BAD4DCD-3C05-4716-A406-8B561EF0633F}"
EndProject
Project("{FAE04EC0-301F-11D3-BF4B-00C04F79EFBC}") = "DasBlogBlogWorksXMLImport", "DasBlogBlogWorksXMLImport\DasBlogBlogWorksXMLImport.csproj", "{D1CEFEE2-A7F6-4161-B192-29C9C3427FF3}"
EndProject
Project("{FAE04EC0-301F-11D3-BF4B-00C04F79EFBC}") = "newtelligence.DasBlog.Runtime.Test", "newtelligence.DasBlog.Runtime\Test\newtelligence.DasBlog.Runtime.Test.csproj", "{48BC208B-59CE-4BE2-BA3A-72AEE7F205CB}"
EndProject
Project("{FAE04EC0-301F-11D3-BF4B-00C04F79EFBC}") = "DasBlogBlogXContentImport", "DasBlogBlogXContentImport\DasBlogBlogXContentImport.csproj", "{EA670495-5C79-4F52-9188-8255D591DDEF}"
EndProject
Project("{FAE04EC0-301F-11D3-BF4B-00C04F79EFBC}") = "newtelligence.DasBlog.Util.Test", "newtelligence.DasBlog.Util\Test\newtelligence.DasBlog.Util.Test.csproj", "{5139B077-EC05-4F6D-BA08-27991B4E7185}"
EndProject
Project("{FAE04EC0-301F-11D3-BF4B-00C04F79EFBC}") = "DasBlog.Import", "Import\DasBlog.Import.csproj", "{D8C2871A-3821-441C-A8F6-F265B18282D5}"
EndProject
Project("{FAE04EC0-301F-11D3-BF4B-00C04F79EFBC}") = "DasBlog.Import.Console", "Import\Console\DasBlog.Import.Console.csproj", "{DF49EB37-7D11-490C-BBA8-D4231D0A901C}"
EndProject
Project("{FAE04EC0-301F-11D3-BF4B-00C04F79EFBC}") = "DasBlog.Import.Test", "Import\Test\DasBlog.Import.Test.csproj", "{2404AD25-D982-4668-9AD0-E417A5C8C60B}"
EndProject
Project("{FAE04EC0-301F-11D3-BF4B-00C04F79EFBC}") = "DasBlogUpgrader", "DasBlogUpgrader\DasBlogUpgrader.csproj", "{0A49C510-642B-411D-B621-13450A29A31B}"
EndProject
Project("{FAE04EC0-301F-11D3-BF4B-00C04F79EFBC}") = "FooMacroPlugin", "ExampleCustomMacroPlugin\FooMacroPlugin.csproj", "{12365B06-73DA-45BC-AEA7-6ECC83755CC6}"
EndProject
Project("{FAE04EC0-301F-11D3-BF4B-00C04F79EFBC}") = "newtelligence.DasBlog.Web.Core.Test", "newtelligence.DasBlog.Web.Core\Test\newtelligence.DasBlog.Web.Core.Test.csproj", "{2488D736-9442-4FCB-997C-7E58A6C319B1}"
EndProject
Project("{FAE04EC0-301F-11D3-BF4B-00C04F79EFBC}") = "Subtext.Akismet", "Subtext.Akismet\Subtext.Akismet.csproj", "{4DC29536-2515-4B8D-AEB6-EC397B950881}"
EndProject
Project("{F184B08F-C81C-45F6-A57F-5ABD9991F28F}") = "WebControlCaptcha", "WebControlCaptcha\WebControlCaptcha.vbproj", "{FF7F1D68-352E-4FEA-A7B4-EB6C25140316}"
EndProject
Global
	GlobalSection(SolutionConfigurationPlatforms) = preSolution
		Debug - All|Any CPU = Debug - All|Any CPU
		Debug|Any CPU = Debug|Any CPU
		Release|Any CPU = Release|Any CPU
	EndGlobalSection
	GlobalSection(ProjectConfigurationPlatforms) = postSolution
		{F33CF374-8610-434F-B4FB-915AE7CD17DA}.Debug - All|Any CPU.ActiveCfg = Debug|Any CPU
		{F33CF374-8610-434F-B4FB-915AE7CD17DA}.Debug - All|Any CPU.Build.0 = Debug|Any CPU
		{F33CF374-8610-434F-B4FB-915AE7CD17DA}.Debug|Any CPU.ActiveCfg = Debug|Any CPU
		{F33CF374-8610-434F-B4FB-915AE7CD17DA}.Debug|Any CPU.Build.0 = Debug|Any CPU
		{F33CF374-8610-434F-B4FB-915AE7CD17DA}.Release|Any CPU.ActiveCfg = Release|Any CPU
		{F33CF374-8610-434F-B4FB-915AE7CD17DA}.Release|Any CPU.Build.0 = Release|Any CPU
		{2B6D1F60-C5D8-4CB9-89D6-A4AF42275852}.Debug - All|Any CPU.ActiveCfg = Debug|Any CPU
		{2B6D1F60-C5D8-4CB9-89D6-A4AF42275852}.Debug - All|Any CPU.Build.0 = Debug|Any CPU
		{2B6D1F60-C5D8-4CB9-89D6-A4AF42275852}.Debug|Any CPU.ActiveCfg = Debug|Any CPU
		{2B6D1F60-C5D8-4CB9-89D6-A4AF42275852}.Debug|Any CPU.Build.0 = Debug|Any CPU
		{2B6D1F60-C5D8-4CB9-89D6-A4AF42275852}.Release|Any CPU.ActiveCfg = Release|Any CPU
		{2B6D1F60-C5D8-4CB9-89D6-A4AF42275852}.Release|Any CPU.Build.0 = Release|Any CPU
		{0FED5636-EE32-402E-A6C6-F238916F6DD3}.Debug - All|Any CPU.ActiveCfg = Debug|Any CPU
		{0FED5636-EE32-402E-A6C6-F238916F6DD3}.Debug - All|Any CPU.Build.0 = Debug|Any CPU
		{0FED5636-EE32-402E-A6C6-F238916F6DD3}.Debug|Any CPU.ActiveCfg = Debug|Any CPU
		{0FED5636-EE32-402E-A6C6-F238916F6DD3}.Debug|Any CPU.Build.0 = Debug|Any CPU
		{0FED5636-EE32-402E-A6C6-F238916F6DD3}.Release|Any CPU.ActiveCfg = Release|Any CPU
		{0FED5636-EE32-402E-A6C6-F238916F6DD3}.Release|Any CPU.Build.0 = Release|Any CPU
		{38B69883-A9FB-498E-9CC7-95AB89DD7DC4}.Debug - All|Any CPU.ActiveCfg = Debug|Any CPU
		{38B69883-A9FB-498E-9CC7-95AB89DD7DC4}.Debug - All|Any CPU.Build.0 = Debug|Any CPU
		{38B69883-A9FB-498E-9CC7-95AB89DD7DC4}.Debug|Any CPU.ActiveCfg = Debug|Any CPU
		{38B69883-A9FB-498E-9CC7-95AB89DD7DC4}.Debug|Any CPU.Build.0 = Debug|Any CPU
		{38B69883-A9FB-498E-9CC7-95AB89DD7DC4}.Release|Any CPU.ActiveCfg = Release|Any CPU
		{38B69883-A9FB-498E-9CC7-95AB89DD7DC4}.Release|Any CPU.Build.0 = Release|Any CPU
		{7A9A0C81-84AE-4C6F-9489-528B5B97F426}.Debug - All|Any CPU.ActiveCfg = Debug|Any CPU
		{7A9A0C81-84AE-4C6F-9489-528B5B97F426}.Debug - All|Any CPU.Build.0 = Debug|Any CPU
		{7A9A0C81-84AE-4C6F-9489-528B5B97F426}.Debug|Any CPU.ActiveCfg = Debug|Any CPU
		{7A9A0C81-84AE-4C6F-9489-528B5B97F426}.Debug|Any CPU.Build.0 = Debug|Any CPU
		{7A9A0C81-84AE-4C6F-9489-528B5B97F426}.Release|Any CPU.ActiveCfg = Release|Any CPU
		{7A9A0C81-84AE-4C6F-9489-528B5B97F426}.Release|Any CPU.Build.0 = Release|Any CPU
		{15C1672E-92A2-4FAF-977A-D7EBC008EC42}.Debug - All|Any CPU.ActiveCfg = Debug|Any CPU
		{15C1672E-92A2-4FAF-977A-D7EBC008EC42}.Debug - All|Any CPU.Build.0 = Debug|Any CPU
		{15C1672E-92A2-4FAF-977A-D7EBC008EC42}.Debug|Any CPU.ActiveCfg = Debug|Any CPU
		{15C1672E-92A2-4FAF-977A-D7EBC008EC42}.Debug|Any CPU.Build.0 = Debug|Any CPU
		{15C1672E-92A2-4FAF-977A-D7EBC008EC42}.Release|Any CPU.ActiveCfg = Release|Any CPU
		{15C1672E-92A2-4FAF-977A-D7EBC008EC42}.Release|Any CPU.Build.0 = Release|Any CPU
		{9BAD4DCD-3C05-4716-A406-8B561EF0633F}.Debug - All|Any CPU.ActiveCfg = Debug|Any CPU
		{9BAD4DCD-3C05-4716-A406-8B561EF0633F}.Debug - All|Any CPU.Build.0 = Debug|Any CPU
		{9BAD4DCD-3C05-4716-A406-8B561EF0633F}.Debug|Any CPU.ActiveCfg = Debug|Any CPU
		{9BAD4DCD-3C05-4716-A406-8B561EF0633F}.Debug|Any CPU.Build.0 = Debug|Any CPU
		{9BAD4DCD-3C05-4716-A406-8B561EF0633F}.Release|Any CPU.ActiveCfg = Release|Any CPU
		{9BAD4DCD-3C05-4716-A406-8B561EF0633F}.Release|Any CPU.Build.0 = Release|Any CPU
		{D1CEFEE2-A7F6-4161-B192-29C9C3427FF3}.Debug - All|Any CPU.ActiveCfg = Debug|Any CPU
		{D1CEFEE2-A7F6-4161-B192-29C9C3427FF3}.Debug - All|Any CPU.Build.0 = Debug|Any CPU
		{D1CEFEE2-A7F6-4161-B192-29C9C3427FF3}.Debug|Any CPU.ActiveCfg = Debug|Any CPU
		{D1CEFEE2-A7F6-4161-B192-29C9C3427FF3}.Release|Any CPU.ActiveCfg = Release|Any CPU
		{D1CEFEE2-A7F6-4161-B192-29C9C3427FF3}.Release|Any CPU.Build.0 = Release|Any CPU
		{48BC208B-59CE-4BE2-BA3A-72AEE7F205CB}.Debug - All|Any CPU.ActiveCfg = Debug|Any CPU
		{48BC208B-59CE-4BE2-BA3A-72AEE7F205CB}.Debug - All|Any CPU.Build.0 = Debug|Any CPU
		{48BC208B-59CE-4BE2-BA3A-72AEE7F205CB}.Debug|Any CPU.ActiveCfg = Debug|Any CPU
		{48BC208B-59CE-4BE2-BA3A-72AEE7F205CB}.Debug|Any CPU.Build.0 = Debug|Any CPU
		{48BC208B-59CE-4BE2-BA3A-72AEE7F205CB}.Release|Any CPU.ActiveCfg = Release|Any CPU
		{48BC208B-59CE-4BE2-BA3A-72AEE7F205CB}.Release|Any CPU.Build.0 = Release|Any CPU
		{EA670495-5C79-4F52-9188-8255D591DDEF}.Debug - All|Any CPU.ActiveCfg = Debug|Any CPU
		{EA670495-5C79-4F52-9188-8255D591DDEF}.Debug - All|Any CPU.Build.0 = Debug|Any CPU
		{EA670495-5C79-4F52-9188-8255D591DDEF}.Debug|Any CPU.ActiveCfg = Debug|Any CPU
		{EA670495-5C79-4F52-9188-8255D591DDEF}.Release|Any CPU.ActiveCfg = Release|Any CPU
		{EA670495-5C79-4F52-9188-8255D591DDEF}.Release|Any CPU.Build.0 = Release|Any CPU
		{5139B077-EC05-4F6D-BA08-27991B4E7185}.Debug - All|Any CPU.ActiveCfg = Debug|Any CPU
		{5139B077-EC05-4F6D-BA08-27991B4E7185}.Debug - All|Any CPU.Build.0 = Debug|Any CPU
		{5139B077-EC05-4F6D-BA08-27991B4E7185}.Debug|Any CPU.ActiveCfg = Debug|Any CPU
		{5139B077-EC05-4F6D-BA08-27991B4E7185}.Release|Any CPU.ActiveCfg = Release|Any CPU
		{5139B077-EC05-4F6D-BA08-27991B4E7185}.Release|Any CPU.Build.0 = Release|Any CPU
		{D8C2871A-3821-441C-A8F6-F265B18282D5}.Debug - All|Any CPU.ActiveCfg = Debug|Any CPU
		{D8C2871A-3821-441C-A8F6-F265B18282D5}.Debug - All|Any CPU.Build.0 = Debug|Any CPU
		{D8C2871A-3821-441C-A8F6-F265B18282D5}.Debug|Any CPU.ActiveCfg = Debug|Any CPU
		{D8C2871A-3821-441C-A8F6-F265B18282D5}.Release|Any CPU.ActiveCfg = Release|Any CPU
		{D8C2871A-3821-441C-A8F6-F265B18282D5}.Release|Any CPU.Build.0 = Release|Any CPU
		{DF49EB37-7D11-490C-BBA8-D4231D0A901C}.Debug - All|Any CPU.ActiveCfg = Debug|Any CPU
		{DF49EB37-7D11-490C-BBA8-D4231D0A901C}.Debug - All|Any CPU.Build.0 = Debug|Any CPU
		{DF49EB37-7D11-490C-BBA8-D4231D0A901C}.Debug|Any CPU.ActiveCfg = Debug|Any CPU
		{DF49EB37-7D11-490C-BBA8-D4231D0A901C}.Release|Any CPU.ActiveCfg = Release|Any CPU
		{DF49EB37-7D11-490C-BBA8-D4231D0A901C}.Release|Any CPU.Build.0 = Release|Any CPU
		{2404AD25-D982-4668-9AD0-E417A5C8C60B}.Debug - All|Any CPU.ActiveCfg = Debug|Any CPU
		{2404AD25-D982-4668-9AD0-E417A5C8C60B}.Debug - All|Any CPU.Build.0 = Debug|Any CPU
		{2404AD25-D982-4668-9AD0-E417A5C8C60B}.Debug|Any CPU.ActiveCfg = Debug|Any CPU
		{2404AD25-D982-4668-9AD0-E417A5C8C60B}.Release|Any CPU.ActiveCfg = Release|Any CPU
		{2404AD25-D982-4668-9AD0-E417A5C8C60B}.Release|Any CPU.Build.0 = Release|Any CPU
		{0A49C510-642B-411D-B621-13450A29A31B}.Debug - All|Any CPU.ActiveCfg = Debug|Any CPU
		{0A49C510-642B-411D-B621-13450A29A31B}.Debug - All|Any CPU.Build.0 = Debug|Any CPU
		{0A49C510-642B-411D-B621-13450A29A31B}.Debug|Any CPU.ActiveCfg = Debug|Any CPU
		{0A49C510-642B-411D-B621-13450A29A31B}.Debug|Any CPU.Build.0 = Debug|Any CPU
		{0A49C510-642B-411D-B621-13450A29A31B}.Release|Any CPU.ActiveCfg = Release|Any CPU
		{0A49C510-642B-411D-B621-13450A29A31B}.Release|Any CPU.Build.0 = Release|Any CPU
		{12365B06-73DA-45BC-AEA7-6ECC83755CC6}.Debug - All|Any CPU.ActiveCfg = Debug|Any CPU
		{12365B06-73DA-45BC-AEA7-6ECC83755CC6}.Debug - All|Any CPU.Build.0 = Debug|Any CPU
		{12365B06-73DA-45BC-AEA7-6ECC83755CC6}.Debug|Any CPU.ActiveCfg = Debug|Any CPU
		{12365B06-73DA-45BC-AEA7-6ECC83755CC6}.Debug|Any CPU.Build.0 = Debug|Any CPU
		{12365B06-73DA-45BC-AEA7-6ECC83755CC6}.Release|Any CPU.ActiveCfg = Release|Any CPU
		{12365B06-73DA-45BC-AEA7-6ECC83755CC6}.Release|Any CPU.Build.0 = Release|Any CPU
		{2488D736-9442-4FCB-997C-7E58A6C319B1}.Debug - All|Any CPU.ActiveCfg = Debug|Any CPU
		{2488D736-9442-4FCB-997C-7E58A6C319B1}.Debug - All|Any CPU.Build.0 = Debug|Any CPU
		{2488D736-9442-4FCB-997C-7E58A6C319B1}.Debug|Any CPU.ActiveCfg = Debug|Any CPU
		{2488D736-9442-4FCB-997C-7E58A6C319B1}.Release|Any CPU.ActiveCfg = Release|Any CPU
		{2488D736-9442-4FCB-997C-7E58A6C319B1}.Release|Any CPU.Build.0 = Release|Any CPU
		{4DC29536-2515-4B8D-AEB6-EC397B950881}.Debug - All|Any CPU.ActiveCfg = Debug|Any CPU
		{4DC29536-2515-4B8D-AEB6-EC397B950881}.Debug - All|Any CPU.Build.0 = Debug|Any CPU
		{4DC29536-2515-4B8D-AEB6-EC397B950881}.Debug|Any CPU.ActiveCfg = Debug|Any CPU
		{4DC29536-2515-4B8D-AEB6-EC397B950881}.Debug|Any CPU.Build.0 = Debug|Any CPU
		{4DC29536-2515-4B8D-AEB6-EC397B950881}.Release|Any CPU.ActiveCfg = Release|Any CPU
		{4DC29536-2515-4B8D-AEB6-EC397B950881}.Release|Any CPU.Build.0 = Release|Any CPU
		{FF7F1D68-352E-4FEA-A7B4-EB6C25140316}.Debug - All|Any CPU.ActiveCfg = Debug|Any CPU
		{FF7F1D68-352E-4FEA-A7B4-EB6C25140316}.Debug - All|Any CPU.Build.0 = Debug|Any CPU
		{FF7F1D68-352E-4FEA-A7B4-EB6C25140316}.Debug|Any CPU.ActiveCfg = Debug|Any CPU
		{FF7F1D68-352E-4FEA-A7B4-EB6C25140316}.Debug|Any CPU.Build.0 = Debug|Any CPU
		{FF7F1D68-352E-4FEA-A7B4-EB6C25140316}.Release|Any CPU.ActiveCfg = Release|Any CPU
		{FF7F1D68-352E-4FEA-A7B4-EB6C25140316}.Release|Any CPU.Build.0 = Release|Any CPU
	EndGlobalSection
	GlobalSection(SolutionProperties) = preSolution
		HideSolutionNode = FALSE
	EndGlobalSection
EndGlobal
